{
	"name": "@ndxbn/logger",
	"version": "1.0.8",
	"lockfileVersion": 1,
	"requires": true,
	"dependencies": {
		"@ndxbn/preset-jest": {
			"version": "0.0.2",
			"resolved": "https://registry.npmjs.org/@ndxbn/preset-jest/-/preset-jest-0.0.2.tgz",
			"integrity": "sha512-oc3K9pBKCp7mK7o7fKbgUgpKTk1o4UrPeCgk9yqWZXUt9bYpqhFZqdGKWE773PpCDiuh4QnuVHblIJZRIDeUqg==",
			"dev": true
		},
		"@types/node": {
			"version": "12.12.26",
			"resolved": "https://registry.npmjs.org/@types/node/-/node-12.12.26.tgz",
			"integrity": "sha512-UmUm94/QZvU5xLcUlNR8hA7Ac+fGpO1EG/a8bcWVz0P0LqtxFmun9Y2bbtuckwGboWJIT70DoWq1r3hb56n3DA==",
			"dev": true
		},
		"typescript": {
			"version": "3.7.5",
			"resolved": "https://registry.npmjs.org/typescript/-/typescript-3.7.5.tgz",
			"integrity": "sha512-/P5lkRXkWHNAbcJIiHPfRoKqyd7bsyCma1hZNUGfn20qm64T6ZBlrzprymeu918H+mB/0rIg2gGK/BXkhhYgBw==",
			"dev": true
		}
	}
}
