{
  "name": "@ndxbn/logger",
  "version": "1.0.6",
  "lockfileVersion": 1,
  "requires": true,
  "dependencies": {
    "@ndxbn/preset-jest": {
      "version": "0.0.2",
      "resolved": "https://registry.npmjs.org/@ndxbn/preset-jest/-/preset-jest-0.0.2.tgz",
      "integrity": "sha512-oc3K9pBKCp7mK7o7fKbgUgpKTk1o4UrPeCgk9yqWZXUt9bYpqhFZqdGKWE773PpCDiuh4QnuVHblIJZRIDeUqg==",
      "dev": true
    },
    "@ndxbn/preset-typescript": {
      "version": "0.0.9",
      "resolved": "https://registry.npmjs.org/@ndxbn/preset-typescript/-/preset-typescript-0.0.9.tgz",
      "integrity": "sha512-VhVqUgmkhzV0qnVAAvZO9HZ7Aky1OZX1HwBLRaPAxfgXwaQdw0lIxCYL+ddY7DiwKyu9JO0jennTYddI5fxQ+Q==",
      "dev": true
    },
    "@types/node": {
      "version": "12.6.1",
      "resolved": "https://registry.npmjs.org/@types/node/-/node-12.6.1.tgz",
      "integrity": "sha512-rp7La3m845mSESCgsJePNL/JQyhkOJA6G4vcwvVgkDAwHhGdq5GCumxmPjEk1MZf+8p5ZQAUE7tqgQRQTXN7uQ==",
      "dev": true
    },
    "typescript": {
      "version": "3.5.3",
      "resolved": "https://registry.npmjs.org/typescript/-/typescript-3.5.3.tgz",
      "integrity": "sha512-ACzBtm/PhXBDId6a6sDJfroT2pOWt/oOnk4/dElG5G33ZL776N3Y6/6bKZJBFpd+b05F3Ct9qDjMeJmRWtE2/g==",
      "dev": true
    }
  }
}
