{
  "name": "create-ndxbn",
  "version": "1.0.1",
  "lockfileVersion": 1,
  "requires": true,
  "dependencies": {
    "@ndxbn/preset-typescript": {
      "version": "0.0.5",
      "resolved": "https://registry.npmjs.org/@ndxbn/preset-typescript/-/preset-typescript-0.0.5.tgz",
      "integrity": "sha512-U7JVcLzT61V1Kbf308APWaKdElYP9hzIelKghCkrw15uQ43HsxTn5S1DLSyc9ihPEQxHEtKfOg2nYRsPCQ9pBg==",
      "dev": true
    },
    "@types/node": {
      "version": "10.14.4",
      "resolved": "https://registry.npmjs.org/@types/node/-/node-10.14.4.tgz",
      "integrity": "sha512-DT25xX/YgyPKiHFOpNuANIQIVvYEwCWXgK2jYYwqgaMrYE6+tq+DtmMwlD3drl6DJbUwtlIDnn0d7tIn/EbXBg==",
      "dev": true
    },
    "typescript": {
      "version": "3.4.2",
      "resolved": "https://registry.npmjs.org/typescript/-/typescript-3.4.2.tgz",
      "integrity": "sha512-Og2Vn6Mk7JAuWA1hQdDQN/Ekm/SchX80VzLhjKN9ETYrIepBFAd8PkOdOTK2nKt0FCkmMZKBJvQ1dV1gIxPu/A==",
      "dev": true
    }
  }
}
