{
  "name": "create-ndxbn",
  "version": "1.2.6",
  "lockfileVersion": 1,
  "requires": true,
  "dependencies": {
    "@types/mustache": {
      "version": "0.8.32",
      "resolved": "https://registry.npmjs.org/@types/mustache/-/mustache-0.8.32.tgz",
      "integrity": "sha512-RTVWV485OOf4+nO2+feurk0chzHkSjkjALiejpHltyuMf/13fGymbbNNFrSKdSSUg1TIwzszXdWsVirxgqYiFA==",
      "dev": true
    },
    "@types/node": {
      "version": "10.14.15",
      "resolved": "https://registry.npmjs.org/@types/node/-/node-10.14.15.tgz",
      "integrity": "sha512-CBR5avlLcu0YCILJiDIXeU2pTw7UK/NIxfC63m7d7CVamho1qDEzXKkOtEauQRPMy6MI8mLozth+JJkas7HY6g==",
      "dev": true
    },
    "mustache": {
      "version": "3.0.1",
      "resolved": "https://registry.npmjs.org/mustache/-/mustache-3.0.1.tgz",
      "integrity": "sha512-jFI/4UVRsRYdUbuDTKT7KzfOp7FiD5WzYmmwNwXyUVypC0xjoTL78Fqc0jHUPIvvGD+6DQSPHIt1NE7D1ArsqA=="
    },
    "typescript": {
      "version": "3.5.3",
      "resolved": "https://registry.npmjs.org/typescript/-/typescript-3.5.3.tgz",
      "integrity": "sha512-ACzBtm/PhXBDId6a6sDJfroT2pOWt/oOnk4/dElG5G33ZL776N3Y6/6bKZJBFpd+b05F3Ct9qDjMeJmRWtE2/g==",
      "dev": true
    }
  }
}
