{
	"name": "create-ndxbn",
	"version": "1.2.6",
	"lockfileVersion": 1,
	"requires": true,
	"dependencies": {
		"@types/mustache": {
			"version": "4.0.1",
			"resolved": "https://registry.npmjs.org/@types/mustache/-/mustache-4.0.1.tgz",
			"integrity": "sha512-wH6Tu9mbiOt0n5EvdoWy0VGQaJMHfLIxY/6wS0xLC7CV1taM6gESEzcYy0ZlWvxxiiljYvfDIvz4hHbUUDRlhw==",
			"dev": true
		},
		"@types/node": {
			"version": "10.17.20",
			"resolved": "https://registry.npmjs.org/@types/node/-/node-10.17.20.tgz",
			"integrity": "sha512-XgDgo6W10SeGEAM0k7FosJpvLCynOTYns4Xk3J5HGrA+UI/bKZ30PGMzOP5Lh2zs4259I71FSYLAtjnx3qhObw==",
			"dev": true
		},
		"mustache": {
			"version": "4.0.1",
			"resolved": "https://registry.npmjs.org/mustache/-/mustache-4.0.1.tgz",
			"integrity": "sha512-yL5VE97+OXn4+Er3THSmTdCFCtx5hHWzrolvH+JObZnUYwuaG7XV+Ch4fR2cIrcYI0tFHxS7iyFYl14bW8y2sA=="
		},
		"typescript": {
			"version": "3.8.3",
			"resolved": "https://registry.npmjs.org/typescript/-/typescript-3.8.3.tgz",
			"integrity": "sha512-MYlEfn5VrLNsgudQTVJeNaQFUAI7DkhnOjdpAp4T+ku1TfQClewlbSuTVHiA+8skNBgaf02TL/kLOvig4y3G8w==",
			"dev": true
		}
	}
}
