{
	"name": "create-ndxbn",
	"version": "1.2.7",
	"lockfileVersion": 1,
	"requires": true,
	"dependencies": {
		"@types/mustache": {
			"version": "4.1.2",
			"resolved": "https://registry.npmjs.org/@types/mustache/-/mustache-4.1.2.tgz",
			"integrity": "sha512-c4OVMMcyodKQ9dpwBwh3ofK9P6U9ZktKU9S+p33UqwMNN1vlv2P0zJZUScTshnx7OEoIIRcCFNQ904sYxZz8kg==",
			"dev": true
		},
		"@types/node": {
			"version": "14.17.4",
			"resolved": "https://registry.npmjs.org/@types/node/-/node-14.17.4.tgz",
			"integrity": "sha512-8kQ3+wKGRNN0ghtEn7EGps/B8CzuBz1nXZEIGGLP2GnwbqYn4dbTs7k+VKLTq1HvZLRCIDtN3Snx1Ege8B7L5A==",
			"dev": true
		},
		"mustache": {
			"version": "4.2.0",
			"resolved": "https://registry.npmjs.org/mustache/-/mustache-4.2.0.tgz",
			"integrity": "sha512-71ippSywq5Yb7/tVYyGbkBggbU8H3u5Rz56fH60jGFgr8uHwxs+aSKeqmluIVzM0m0kB7xQjKS6qPfd0b2ZoqQ=="
		},
		"typescript": {
			"version": "4.3.5",
			"resolved": "https://registry.npmjs.org/typescript/-/typescript-4.3.5.tgz",
			"integrity": "sha512-DqQgihaQ9cUrskJo9kIyW/+g0Vxsk8cDtZ52a3NGh0YNTfpUSArXSohyUGnvbPazEPLu398C0UxmKSOrPumUzA==",
			"dev": true
		}
	}
}
