{
  "name": "@ndxbn/create",
  "version": "1.1.7",
  "lockfileVersion": 1,
  "requires": true,
  "dependencies": {
    "@ndxbn/preset-jest": {
      "version": "0.0.2",
      "resolved": "https://registry.npmjs.org/@ndxbn/preset-jest/-/preset-jest-0.0.2.tgz",
      "integrity": "sha512-oc3K9pBKCp7mK7o7fKbgUgpKTk1o4UrPeCgk9yqWZXUt9bYpqhFZqdGKWE773PpCDiuh4QnuVHblIJZRIDeUqg==",
      "dev": true
    },
    "@ndxbn/preset-typescript": {
      "version": "0.0.5",
      "resolved": "https://registry.npmjs.org/@ndxbn/preset-typescript/-/preset-typescript-0.0.5.tgz",
      "integrity": "sha512-U7JVcLzT61V1Kbf308APWaKdElYP9hzIelKghCkrw15uQ43HsxTn5S1DLSyc9ihPEQxHEtKfOg2nYRsPCQ9pBg==",
      "dev": true
    },
    "@types/mustache": {
      "version": "4.0.1",
      "resolved": "https://registry.npmjs.org/@types/mustache/-/mustache-4.0.1.tgz",
      "integrity": "sha512-wH6Tu9mbiOt0n5EvdoWy0VGQaJMHfLIxY/6wS0xLC7CV1taM6gESEzcYy0ZlWvxxiiljYvfDIvz4hHbUUDRlhw==",
      "dev": true
    },
    "@types/node": {
      "version": "10.17.24",
      "resolved": "https://registry.npmjs.org/@types/node/-/node-10.17.24.tgz",
      "integrity": "sha512-5SCfvCxV74kzR3uWgTYiGxrd69TbT1I6+cMx1A5kEly/IVveJBimtAMlXiEyVFn5DvUFewQWxOOiJhlxeQwxgA==",
      "dev": true
    },
    "mustache": {
      "version": "4.0.1",
      "resolved": "https://registry.npmjs.org/mustache/-/mustache-4.0.1.tgz",
      "integrity": "sha512-yL5VE97+OXn4+Er3THSmTdCFCtx5hHWzrolvH+JObZnUYwuaG7XV+Ch4fR2cIrcYI0tFHxS7iyFYl14bW8y2sA=="
    },
    "typescript": {
      "version": "3.9.5",
      "resolved": "https://registry.npmjs.org/typescript/-/typescript-3.9.5.tgz",
      "integrity": "sha512-hSAifV3k+i6lEoCJ2k6R2Z/rp/H3+8sdmcn5NrS3/3kE7+RyZXm9aqvxWqjEXHAd8b0pShatpcdMTvEdvAJltQ==",
      "dev": true
    }
  }
}
